
Microsoft Visual Studio Solution File, Format Version 12.00
# Visual Studio Version 17
VisualStudioVersion = 17.0.32014.148
MinimumVisualStudioVersion = 10.0.40219.1
Project("{2150E333-8FDC-42A3-9474-1A3956D46DE8}") = "src", "src", "{0329A478-7696-4489-9F01-61CA6ECB014B}"
EndProject
Project("{9A19103F-16F7-4668-BE54-9A1E7A4F7556}") = "LightBlog", "src\LightBlog\LightBlog.csproj", "{287CABFF-5F9A-4B6A-9D61-A54247C0AC91}"
EndProject
Project("{2150E333-8FDC-42A3-9474-1A3956D46DE8}") = "KaneBlake", "KaneBlake", "{DE736364-2FF7-4E76-9F3F-BCCA2DF7C67F}"
	ProjectSection(SolutionItems) = preProject
		src\KaneBlake\Directory.Build.props = src\KaneBlake\Directory.Build.props
		src\KaneBlake\Directory.Build.targets = src\KaneBlake\Directory.Build.targets
	EndProjectSection
EndProject
Project("{2150E333-8FDC-42A3-9474-1A3956D46DE8}") = "build", "build", "{564BE833-421C-4882-AA38-CBBAF1D30213}"
	ProjectSection(SolutionItems) = preProject
		azure-pipelines.yml = azure-pipelines.yml
		build\build.cake = build\build.cake
		build.ps1 = build.ps1
		build.sh = build.sh
		build\BuildParams.cake = build\BuildParams.cake
		build\index.cake = build\index.cake
	EndProjectSection
EndProject
Project("{2150E333-8FDC-42A3-9474-1A3956D46DE8}") = "test", "test", "{C8A8EC3C-A0FA-475B-8A75-8EFBA4BEE016}"
EndProject
Project("{2150E333-8FDC-42A3-9474-1A3956D46DE8}") = "samples", "samples", "{D5DC9524-538E-4D91-80EB-C0A33B10E99F}"
EndProject
Project("{9A19103F-16F7-4668-BE54-9A1E7A4F7556}") = "KaneBlake.Basis", "src\KaneBlake\Basis\KaneBlake.Basis.csproj", "{7CB78B26-E23F-48E7-B515-E6C7F914552B}"
EndProject
Project("{9A19103F-16F7-4668-BE54-9A1E7A4F7556}") = "KaneBlake.Basis.Tests", "test\KaneBlake.Basis.DiagnosticAdapter.Tests\KaneBlake.Basis.Tests.csproj", "{4EDAADF5-2430-48F9-A781-ECFE71C13958}"
EndProject
Project("{2150E333-8FDC-42A3-9474-1A3956D46DE8}") = "performance", "performance", "{341C817B-4950-4E4B-AF68-0B099CD1F298}"
EndProject
Project("{9A19103F-16F7-4668-BE54-9A1E7A4F7556}") = "KaneBlake.Basis.Performance", "performance\KaneBlake.Basis.Performance\KaneBlake.Basis.Performance.csproj", "{B0AF639B-3AF4-47F4-B164-90D8E6CA090B}"
EndProject
Project("{9A19103F-16F7-4668-BE54-9A1E7A4F7556}") = "KaneBlake.AspNetCore.Extensions", "src\KaneBlake\AspNetCore.Extensions\KaneBlake.AspNetCore.Extensions\KaneBlake.AspNetCore.Extensions.csproj", "{9171D1D7-499C-42BD-89F2-A523EB55E247}"
EndProject
Project("{9A19103F-16F7-4668-BE54-9A1E7A4F7556}") = "KaneBlake.STS.Identity", "src\KaneBlake\STS.Identity\KaneBlake.STS.Identity\KaneBlake.STS.Identity.csproj", "{F491930C-1302-45D0-8BC2-2C3E9DA220ED}"
EndProject
Project("{2150E333-8FDC-42A3-9474-1A3956D46DE8}") = "Build", "Build", "{9A47FC93-1800-4C5A-9BBE-28735A44B85D}"
EndProject
Project("{9A19103F-16F7-4668-BE54-9A1E7A4F7556}") = "KaneBlake.Build.Core", "src\KaneBlake\Build\KaneBlake.Build.Core\KaneBlake.Build.Core.csproj", "{978E9FDC-B181-43A5-AC9D-C53549F9EB9D}"
EndProject
Project("{9A19103F-16F7-4668-BE54-9A1E7A4F7556}") = "KaneBlake.Build", "src\KaneBlake\Build\KaneBlake.Build\KaneBlake.Build.csproj", "{7F5BCA30-31EA-4A78-9391-672E530C10DF}"
EndProject
Project("{FAE04EC0-301F-11D3-BF4B-00C04F79EFBC}") = "KaneBlake.VSTool", "src\KaneBlake\Build\KaneBlake.VSTool\KaneBlake.VSTool.csproj", "{51FBD235-4FED-4D9B-8CB5-63E1408E5C81}"
EndProject
Project("{9A19103F-16F7-4668-BE54-9A1E7A4F7556}") = "KaneBlake.CodeAnalysis", "src\KaneBlake\Build\KaneBlake.CodeAnalysis\KaneBlake.CodeAnalysis.csproj", "{C8494132-C485-4C33-8B7A-578DA714B240}"
EndProject
Project("{9A19103F-16F7-4668-BE54-9A1E7A4F7556}") = "KaneBlake.CodeAnalysis.Test", "test\KaneBlake.CodeAnalysis.Test\KaneBlake.CodeAnalysis.Test.csproj", "{8C87C9FE-C28E-4D50-8DEA-B08CB961BFD2}"
EndProject
Project("{FAE04EC0-301F-11D3-BF4B-00C04F79EFBC}") = "KaneBlake.Infrastruct", "src\KaneBlake\Infrastruct\KaneBlake.Infrastruct\KaneBlake.Infrastruct.csproj", "{49FBCE36-4B01-41A4-B348-572CCD09B6D3}"
EndProject
Project("{FAE04EC0-301F-11D3-BF4B-00C04F79EFBC}") = "KaneBlake.Extensions", "src\KaneBlake\Extensions\KaneBlake.Extensions\KaneBlake.Extensions.csproj", "{B920AAD2-A8D3-4686-ACD3-B13B8EC447F4}"
EndProject
Global
	GlobalSection(SolutionConfigurationPlatforms) = preSolution
		Debug|Any CPU = Debug|Any CPU
		Release|Any CPU = Release|Any CPU
	EndGlobalSection
	GlobalSection(ProjectConfigurationPlatforms) = postSolution
		{287CABFF-5F9A-4B6A-9D61-A54247C0AC91}.Debug|Any CPU.ActiveCfg = Debug|Any CPU
		{287CABFF-5F9A-4B6A-9D61-A54247C0AC91}.Debug|Any CPU.Build.0 = Debug|Any CPU
		{287CABFF-5F9A-4B6A-9D61-A54247C0AC91}.Release|Any CPU.ActiveCfg = Release|Any CPU
		{287CABFF-5F9A-4B6A-9D61-A54247C0AC91}.Release|Any CPU.Build.0 = Release|Any CPU
		{7CB78B26-E23F-48E7-B515-E6C7F914552B}.Debug|Any CPU.ActiveCfg = Debug|Any CPU
		{7CB78B26-E23F-48E7-B515-E6C7F914552B}.Debug|Any CPU.Build.0 = Debug|Any CPU
		{7CB78B26-E23F-48E7-B515-E6C7F914552B}.Release|Any CPU.ActiveCfg = Release|Any CPU
		{7CB78B26-E23F-48E7-B515-E6C7F914552B}.Release|Any CPU.Build.0 = Release|Any CPU
		{4EDAADF5-2430-48F9-A781-ECFE71C13958}.Debug|Any CPU.ActiveCfg = Debug|Any CPU
		{4EDAADF5-2430-48F9-A781-ECFE71C13958}.Debug|Any CPU.Build.0 = Debug|Any CPU
		{4EDAADF5-2430-48F9-A781-ECFE71C13958}.Release|Any CPU.ActiveCfg = Release|Any CPU
		{4EDAADF5-2430-48F9-A781-ECFE71C13958}.Release|Any CPU.Build.0 = Release|Any CPU
		{B0AF639B-3AF4-47F4-B164-90D8E6CA090B}.Debug|Any CPU.ActiveCfg = Debug|Any CPU
		{B0AF639B-3AF4-47F4-B164-90D8E6CA090B}.Debug|Any CPU.Build.0 = Debug|Any CPU
		{B0AF639B-3AF4-47F4-B164-90D8E6CA090B}.Release|Any CPU.ActiveCfg = Release|Any CPU
		{B0AF639B-3AF4-47F4-B164-90D8E6CA090B}.Release|Any CPU.Build.0 = Release|Any CPU
		{9171D1D7-499C-42BD-89F2-A523EB55E247}.Debug|Any CPU.ActiveCfg = Debug|Any CPU
		{9171D1D7-499C-42BD-89F2-A523EB55E247}.Debug|Any CPU.Build.0 = Debug|Any CPU
		{9171D1D7-499C-42BD-89F2-A523EB55E247}.Release|Any CPU.ActiveCfg = Release|Any CPU
		{9171D1D7-499C-42BD-89F2-A523EB55E247}.Release|Any CPU.Build.0 = Release|Any CPU
		{F491930C-1302-45D0-8BC2-2C3E9DA220ED}.Debug|Any CPU.ActiveCfg = Debug|Any CPU
		{F491930C-1302-45D0-8BC2-2C3E9DA220ED}.Debug|Any CPU.Build.0 = Debug|Any CPU
		{F491930C-1302-45D0-8BC2-2C3E9DA220ED}.Release|Any CPU.ActiveCfg = Release|Any CPU
		{F491930C-1302-45D0-8BC2-2C3E9DA220ED}.Release|Any CPU.Build.0 = Release|Any CPU
		{978E9FDC-B181-43A5-AC9D-C53549F9EB9D}.Debug|Any CPU.ActiveCfg = Debug|Any CPU
		{978E9FDC-B181-43A5-AC9D-C53549F9EB9D}.Debug|Any CPU.Build.0 = Debug|Any CPU
		{978E9FDC-B181-43A5-AC9D-C53549F9EB9D}.Release|Any CPU.ActiveCfg = Release|Any CPU
		{978E9FDC-B181-43A5-AC9D-C53549F9EB9D}.Release|Any CPU.Build.0 = Release|Any CPU
		{7F5BCA30-31EA-4A78-9391-672E530C10DF}.Debug|Any CPU.ActiveCfg = Debug|Any CPU
		{7F5BCA30-31EA-4A78-9391-672E530C10DF}.Debug|Any CPU.Build.0 = Debug|Any CPU
		{7F5BCA30-31EA-4A78-9391-672E530C10DF}.Release|Any CPU.ActiveCfg = Release|Any CPU
		{7F5BCA30-31EA-4A78-9391-672E530C10DF}.Release|Any CPU.Build.0 = Release|Any CPU
		{51FBD235-4FED-4D9B-8CB5-63E1408E5C81}.Debug|Any CPU.ActiveCfg = Debug|Any CPU
		{51FBD235-4FED-4D9B-8CB5-63E1408E5C81}.Debug|Any CPU.Build.0 = Debug|Any CPU
		{51FBD235-4FED-4D9B-8CB5-63E1408E5C81}.Release|Any CPU.ActiveCfg = Release|Any CPU
		{51FBD235-4FED-4D9B-8CB5-63E1408E5C81}.Release|Any CPU.Build.0 = Release|Any CPU
		{C8494132-C485-4C33-8B7A-578DA714B240}.Debug|Any CPU.ActiveCfg = Debug|Any CPU
		{C8494132-C485-4C33-8B7A-578DA714B240}.Debug|Any CPU.Build.0 = Debug|Any CPU
		{C8494132-C485-4C33-8B7A-578DA714B240}.Release|Any CPU.ActiveCfg = Release|Any CPU
		{C8494132-C485-4C33-8B7A-578DA714B240}.Release|Any CPU.Build.0 = Release|Any CPU
		{8C87C9FE-C28E-4D50-8DEA-B08CB961BFD2}.Debug|Any CPU.ActiveCfg = Debug|Any CPU
		{8C87C9FE-C28E-4D50-8DEA-B08CB961BFD2}.Debug|Any CPU.Build.0 = Debug|Any CPU
		{8C87C9FE-C28E-4D50-8DEA-B08CB961BFD2}.Release|Any CPU.ActiveCfg = Release|Any CPU
		{8C87C9FE-C28E-4D50-8DEA-B08CB961BFD2}.Release|Any CPU.Build.0 = Release|Any CPU
		{49FBCE36-4B01-41A4-B348-572CCD09B6D3}.Debug|Any CPU.ActiveCfg = Debug|Any CPU
		{49FBCE36-4B01-41A4-B348-572CCD09B6D3}.Debug|Any CPU.Build.0 = Debug|Any CPU
		{49FBCE36-4B01-41A4-B348-572CCD09B6D3}.Release|Any CPU.ActiveCfg = Release|Any CPU
		{49FBCE36-4B01-41A4-B348-572CCD09B6D3}.Release|Any CPU.Build.0 = Release|Any CPU
		{B920AAD2-A8D3-4686-ACD3-B13B8EC447F4}.Debug|Any CPU.ActiveCfg = Debug|Any CPU
		{B920AAD2-A8D3-4686-ACD3-B13B8EC447F4}.Debug|Any CPU.Build.0 = Debug|Any CPU
		{B920AAD2-A8D3-4686-ACD3-B13B8EC447F4}.Release|Any CPU.ActiveCfg = Release|Any CPU
		{B920AAD2-A8D3-4686-ACD3-B13B8EC447F4}.Release|Any CPU.Build.0 = Release|Any CPU
	EndGlobalSection
	GlobalSection(SolutionProperties) = preSolution
		HideSolutionNode = FALSE
	EndGlobalSection
	GlobalSection(NestedProjects) = preSolution
		{287CABFF-5F9A-4B6A-9D61-A54247C0AC91} = {0329A478-7696-4489-9F01-61CA6ECB014B}
		{DE736364-2FF7-4E76-9F3F-BCCA2DF7C67F} = {0329A478-7696-4489-9F01-61CA6ECB014B}
		{7CB78B26-E23F-48E7-B515-E6C7F914552B} = {DE736364-2FF7-4E76-9F3F-BCCA2DF7C67F}
		{4EDAADF5-2430-48F9-A781-ECFE71C13958} = {C8A8EC3C-A0FA-475B-8A75-8EFBA4BEE016}
		{B0AF639B-3AF4-47F4-B164-90D8E6CA090B} = {341C817B-4950-4E4B-AF68-0B099CD1F298}
		{9171D1D7-499C-42BD-89F2-A523EB55E247} = {DE736364-2FF7-4E76-9F3F-BCCA2DF7C67F}
		{F491930C-1302-45D0-8BC2-2C3E9DA220ED} = {DE736364-2FF7-4E76-9F3F-BCCA2DF7C67F}
		{9A47FC93-1800-4C5A-9BBE-28735A44B85D} = {DE736364-2FF7-4E76-9F3F-BCCA2DF7C67F}
		{978E9FDC-B181-43A5-AC9D-C53549F9EB9D} = {9A47FC93-1800-4C5A-9BBE-28735A44B85D}
		{7F5BCA30-31EA-4A78-9391-672E530C10DF} = {9A47FC93-1800-4C5A-9BBE-28735A44B85D}
		{51FBD235-4FED-4D9B-8CB5-63E1408E5C81} = {9A47FC93-1800-4C5A-9BBE-28735A44B85D}
		{C8494132-C485-4C33-8B7A-578DA714B240} = {9A47FC93-1800-4C5A-9BBE-28735A44B85D}
		{8C87C9FE-C28E-4D50-8DEA-B08CB961BFD2} = {C8A8EC3C-A0FA-475B-8A75-8EFBA4BEE016}
		{49FBCE36-4B01-41A4-B348-572CCD09B6D3} = {DE736364-2FF7-4E76-9F3F-BCCA2DF7C67F}
		{B920AAD2-A8D3-4686-ACD3-B13B8EC447F4} = {DE736364-2FF7-4E76-9F3F-BCCA2DF7C67F}
	EndGlobalSection
	GlobalSection(ExtensibilityGlobals) = postSolution
		SolutionGuid = {40B31C11-0E2F-4F50-8684-4C275C88FEB8}
	EndGlobalSection
EndGlobal
