
Microsoft Visual Studio Solution File, Format Version 12.00
# Visual Studio Version 17
VisualStudioVersion = 17.0.32014.148
MinimumVisualStudioVersion = 10.0.40219.1
Project("{2150E333-8FDC-42A3-9474-1A3956D46DE8}") = "src", "src", "{0329A478-7696-4489-9F01-61CA6ECB014B}"
EndProject
Project("{9A19103F-16F7-4668-BE54-9A1E7A4F7556}") = "LightBlog", "src\LightBlog\LightBlog.csproj", "{287CABFF-5F9A-4B6A-9D61-A54247C0AC91}"
EndProject
Project("{2150E333-8FDC-42A3-9474-1A3956D46DE8}") = "KaneBlake", "KaneBlake", "{DE736364-2FF7-4E76-9F3F-BCCA2DF7C67F}"
	ProjectSection(SolutionItems) = preProject
		src\KaneBlake\Directory.Build.props = src\KaneBlake\Directory.Build.props
		src\KaneBlake\Directory.Build.targets = src\KaneBlake\Directory.Build.targets
	EndProjectSection
EndProject
Project("{2150E333-8FDC-42A3-9474-1A3956D46DE8}") = "build", "build", "{564BE833-421C-4882-AA38-CBBAF1D30213}"
	ProjectSection(SolutionItems) = preProject
		azure-pipelines.yml = azure-pipelines.yml
		build\build.cake = build\build.cake
		build.ps1 = build.ps1
		build.sh = build.sh
		build\BuildParams.cake = build\BuildParams.cake
		build\index.cake = build\index.cake
	EndProjectSection
EndProject
Project("{2150E333-8FDC-42A3-9474-1A3956D46DE8}") = "test", "test", "{C8A8EC3C-A0FA-475B-8A75-8EFBA4BEE016}"
EndProject
Project("{2150E333-8FDC-42A3-9474-1A3956D46DE8}") = "samples", "samples", "{D5DC9524-538E-4D91-80EB-C0A33B10E99F}"
EndProject
Project("{9A19103F-16F7-4668-BE54-9A1E7A4F7556}") = "KaneBlake.Basis.Tests", "test\KaneBlake.Basis.DiagnosticAdapter.Tests\KaneBlake.Basis.Tests.csproj", "{4EDAADF5-2430-48F9-A781-ECFE71C13958}"
EndProject
Project("{2150E333-8FDC-42A3-9474-1A3956D46DE8}") = "performance", "performance", "{341C817B-4950-4E4B-AF68-0B099CD1F298}"
EndProject
Project("{9A19103F-16F7-4668-BE54-9A1E7A4F7556}") = "KaneBlake.Basis.Performance", "performance\KaneBlake.Basis.Performance\KaneBlake.Basis.Performance.csproj", "{B0AF639B-3AF4-47F4-B164-90D8E6CA090B}"
EndProject
Project("{2150E333-8FDC-42A3-9474-1A3956D46DE8}") = "Build", "Build", "{9A47FC93-1800-4C5A-9BBE-28735A44B85D}"
EndProject
Project("{9A19103F-16F7-4668-BE54-9A1E7A4F7556}") = "KaneBlake.Build.Core", "src\KaneBlake\Build\KaneBlake.Build.Core\KaneBlake.Build.Core.csproj", "{978E9FDC-B181-43A5-AC9D-C53549F9EB9D}"
EndProject
Project("{9A19103F-16F7-4668-BE54-9A1E7A4F7556}") = "KaneBlake.Build", "src\KaneBlake\Build\KaneBlake.Build\KaneBlake.Build.csproj", "{7F5BCA30-31EA-4A78-9391-672E530C10DF}"
EndProject
Project("{FAE04EC0-301F-11D3-BF4B-00C04F79EFBC}") = "KaneBlake.VSTool", "src\KaneBlake\Build\KaneBlake.VSTool\KaneBlake.VSTool.csproj", "{51FBD235-4FED-4D9B-8CB5-63E1408E5C81}"
EndProject
Project("{9A19103F-16F7-4668-BE54-9A1E7A4F7556}") = "K.CodeAnalysis", "src\KaneBlake\Build\KaneBlake.CodeAnalysis\K.CodeAnalysis.csproj", "{C8494132-C485-4C33-8B7A-578DA714B240}"
EndProject
Project("{2150E333-8FDC-42A3-9474-1A3956D46DE8}") = "Libraries", "Libraries", "{A79BA968-4F08-46AA-93C9-3877E791AA10}"
	ProjectSection(SolutionItems) = preProject
		src\KaneBlake\Libraries\Directory.Build.props = src\KaneBlake\Libraries\Directory.Build.props
		src\KaneBlake\Libraries\Directory.Build.targets = src\KaneBlake\Libraries\Directory.Build.targets
	EndProjectSection
EndProject
Project("{9A19103F-16F7-4668-BE54-9A1E7A4F7556}") = "K.AspNetCore.Extensions", "src\KaneBlake\Libraries\KaneBlake.AspNetCore.Extensions\K.AspNetCore.Extensions.csproj", "{9BAAAC7D-F2CE-4A61-B85A-D6B0F0082106}"
EndProject
Project("{9A19103F-16F7-4668-BE54-9A1E7A4F7556}") = "K.Core", "src\KaneBlake\Libraries\KaneBlake.Basis\K.Core.csproj", "{1753E3D6-8531-48A6-A24F-E01523C64C0E}"
EndProject
Project("{9A19103F-16F7-4668-BE54-9A1E7A4F7556}") = "K.Extensions", "src\KaneBlake\Libraries\KaneBlake.Extensions\K.Extensions.csproj", "{C168D4AB-EF3E-43D0-AFF1-860B3DCFFD3A}"
EndProject
Project("{9A19103F-16F7-4668-BE54-9A1E7A4F7556}") = "K.Infrastruct", "src\KaneBlake\Libraries\KaneBlake.Infrastruct\K.Infrastruct.csproj", "{C2108498-F008-4C8A-918E-BADE66C55B48}"
EndProject
Project("{9A19103F-16F7-4668-BE54-9A1E7A4F7556}") = "KaneBlake.STS.Identity", "src\KaneBlake\KaneBlake.STS.Identity\KaneBlake.STS.Identity.csproj", "{0D0DCB94-B73C-44B7-B2F3-A9D0CBA67399}"
EndProject
Project("{9A19103F-16F7-4668-BE54-9A1E7A4F7556}") = "KaneBlake.CodeAnalysis.Test", "test\KaneBlake.CodeAnalysis.Test\KaneBlake.CodeAnalysis.Test.csproj", "{5070256B-B2C4-4874-8B4E-9A64E5B0F2A2}"
EndProject
Project("{2150E333-8FDC-42A3-9474-1A3956D46DE8}") = "Solution Items", "Solution Items", "{0523D112-5E9C-49B4-B9D8-8569CE4B23DA}"
	ProjectSection(SolutionItems) = preProject
		.filenesting.json = .filenesting.json
		nuget.config = nuget.config
	EndProjectSection
EndProject
Global
	GlobalSection(SolutionConfigurationPlatforms) = preSolution
		Debug|Any CPU = Debug|Any CPU
		Release|Any CPU = Release|Any CPU
	EndGlobalSection
	GlobalSection(ProjectConfigurationPlatforms) = postSolution
		{287CABFF-5F9A-4B6A-9D61-A54247C0AC91}.Debug|Any CPU.ActiveCfg = Debug|Any CPU
		{287CABFF-5F9A-4B6A-9D61-A54247C0AC91}.Debug|Any CPU.Build.0 = Debug|Any CPU
		{287CABFF-5F9A-4B6A-9D61-A54247C0AC91}.Release|Any CPU.ActiveCfg = Release|Any CPU
		{287CABFF-5F9A-4B6A-9D61-A54247C0AC91}.Release|Any CPU.Build.0 = Release|Any CPU
		{4EDAADF5-2430-48F9-A781-ECFE71C13958}.Debug|Any CPU.ActiveCfg = Debug|Any CPU
		{4EDAADF5-2430-48F9-A781-ECFE71C13958}.Debug|Any CPU.Build.0 = Debug|Any CPU
		{4EDAADF5-2430-48F9-A781-ECFE71C13958}.Release|Any CPU.ActiveCfg = Release|Any CPU
		{4EDAADF5-2430-48F9-A781-ECFE71C13958}.Release|Any CPU.Build.0 = Release|Any CPU
		{B0AF639B-3AF4-47F4-B164-90D8E6CA090B}.Debug|Any CPU.ActiveCfg = Debug|Any CPU
		{B0AF639B-3AF4-47F4-B164-90D8E6CA090B}.Debug|Any CPU.Build.0 = Debug|Any CPU
		{B0AF639B-3AF4-47F4-B164-90D8E6CA090B}.Release|Any CPU.ActiveCfg = Release|Any CPU
		{B0AF639B-3AF4-47F4-B164-90D8E6CA090B}.Release|Any CPU.Build.0 = Release|Any CPU
		{978E9FDC-B181-43A5-AC9D-C53549F9EB9D}.Debug|Any CPU.ActiveCfg = Debug|Any CPU
		{978E9FDC-B181-43A5-AC9D-C53549F9EB9D}.Debug|Any CPU.Build.0 = Debug|Any CPU
		{978E9FDC-B181-43A5-AC9D-C53549F9EB9D}.Release|Any CPU.ActiveCfg = Release|Any CPU
		{978E9FDC-B181-43A5-AC9D-C53549F9EB9D}.Release|Any CPU.Build.0 = Release|Any CPU
		{7F5BCA30-31EA-4A78-9391-672E530C10DF}.Debug|Any CPU.ActiveCfg = Debug|Any CPU
		{7F5BCA30-31EA-4A78-9391-672E530C10DF}.Debug|Any CPU.Build.0 = Debug|Any CPU
		{7F5BCA30-31EA-4A78-9391-672E530C10DF}.Release|Any CPU.ActiveCfg = Release|Any CPU
		{7F5BCA30-31EA-4A78-9391-672E530C10DF}.Release|Any CPU.Build.0 = Release|Any CPU
		{51FBD235-4FED-4D9B-8CB5-63E1408E5C81}.Debug|Any CPU.ActiveCfg = Debug|Any CPU
		{51FBD235-4FED-4D9B-8CB5-63E1408E5C81}.Debug|Any CPU.Build.0 = Debug|Any CPU
		{51FBD235-4FED-4D9B-8CB5-63E1408E5C81}.Release|Any CPU.ActiveCfg = Release|Any CPU
		{51FBD235-4FED-4D9B-8CB5-63E1408E5C81}.Release|Any CPU.Build.0 = Release|Any CPU
		{C8494132-C485-4C33-8B7A-578DA714B240}.Debug|Any CPU.ActiveCfg = Debug|Any CPU
		{C8494132-C485-4C33-8B7A-578DA714B240}.Debug|Any CPU.Build.0 = Debug|Any CPU
		{C8494132-C485-4C33-8B7A-578DA714B240}.Release|Any CPU.ActiveCfg = Release|Any CPU
		{C8494132-C485-4C33-8B7A-578DA714B240}.Release|Any CPU.Build.0 = Release|Any CPU
		{9BAAAC7D-F2CE-4A61-B85A-D6B0F0082106}.Debug|Any CPU.ActiveCfg = Debug|Any CPU
		{9BAAAC7D-F2CE-4A61-B85A-D6B0F0082106}.Debug|Any CPU.Build.0 = Debug|Any CPU
		{9BAAAC7D-F2CE-4A61-B85A-D6B0F0082106}.Release|Any CPU.ActiveCfg = Release|Any CPU
		{9BAAAC7D-F2CE-4A61-B85A-D6B0F0082106}.Release|Any CPU.Build.0 = Release|Any CPU
		{1753E3D6-8531-48A6-A24F-E01523C64C0E}.Debug|Any CPU.ActiveCfg = Debug|Any CPU
		{1753E3D6-8531-48A6-A24F-E01523C64C0E}.Debug|Any CPU.Build.0 = Debug|Any CPU
		{1753E3D6-8531-48A6-A24F-E01523C64C0E}.Release|Any CPU.ActiveCfg = Release|Any CPU
		{1753E3D6-8531-48A6-A24F-E01523C64C0E}.Release|Any CPU.Build.0 = Release|Any CPU
		{C168D4AB-EF3E-43D0-AFF1-860B3DCFFD3A}.Debug|Any CPU.ActiveCfg = Debug|Any CPU
		{C168D4AB-EF3E-43D0-AFF1-860B3DCFFD3A}.Debug|Any CPU.Build.0 = Debug|Any CPU
		{C168D4AB-EF3E-43D0-AFF1-860B3DCFFD3A}.Release|Any CPU.ActiveCfg = Release|Any CPU
		{C168D4AB-EF3E-43D0-AFF1-860B3DCFFD3A}.Release|Any CPU.Build.0 = Release|Any CPU
		{C2108498-F008-4C8A-918E-BADE66C55B48}.Debug|Any CPU.ActiveCfg = Debug|Any CPU
		{C2108498-F008-4C8A-918E-BADE66C55B48}.Debug|Any CPU.Build.0 = Debug|Any CPU
		{C2108498-F008-4C8A-918E-BADE66C55B48}.Release|Any CPU.ActiveCfg = Release|Any CPU
		{C2108498-F008-4C8A-918E-BADE66C55B48}.Release|Any CPU.Build.0 = Release|Any CPU
		{0D0DCB94-B73C-44B7-B2F3-A9D0CBA67399}.Debug|Any CPU.ActiveCfg = Debug|Any CPU
		{0D0DCB94-B73C-44B7-B2F3-A9D0CBA67399}.Debug|Any CPU.Build.0 = Debug|Any CPU
		{0D0DCB94-B73C-44B7-B2F3-A9D0CBA67399}.Release|Any CPU.ActiveCfg = Release|Any CPU
		{0D0DCB94-B73C-44B7-B2F3-A9D0CBA67399}.Release|Any CPU.Build.0 = Release|Any CPU
		{5070256B-B2C4-4874-8B4E-9A64E5B0F2A2}.Debug|Any CPU.ActiveCfg = Debug|Any CPU
		{5070256B-B2C4-4874-8B4E-9A64E5B0F2A2}.Debug|Any CPU.Build.0 = Debug|Any CPU
		{5070256B-B2C4-4874-8B4E-9A64E5B0F2A2}.Release|Any CPU.ActiveCfg = Release|Any CPU
		{5070256B-B2C4-4874-8B4E-9A64E5B0F2A2}.Release|Any CPU.Build.0 = Release|Any CPU
	EndGlobalSection
	GlobalSection(SolutionProperties) = preSolution
		HideSolutionNode = FALSE
	EndGlobalSection
	GlobalSection(NestedProjects) = preSolution
		{287CABFF-5F9A-4B6A-9D61-A54247C0AC91} = {0329A478-7696-4489-9F01-61CA6ECB014B}
		{DE736364-2FF7-4E76-9F3F-BCCA2DF7C67F} = {0329A478-7696-4489-9F01-61CA6ECB014B}
		{4EDAADF5-2430-48F9-A781-ECFE71C13958} = {C8A8EC3C-A0FA-475B-8A75-8EFBA4BEE016}
		{B0AF639B-3AF4-47F4-B164-90D8E6CA090B} = {341C817B-4950-4E4B-AF68-0B099CD1F298}
		{9A47FC93-1800-4C5A-9BBE-28735A44B85D} = {DE736364-2FF7-4E76-9F3F-BCCA2DF7C67F}
		{978E9FDC-B181-43A5-AC9D-C53549F9EB9D} = {9A47FC93-1800-4C5A-9BBE-28735A44B85D}
		{7F5BCA30-31EA-4A78-9391-672E530C10DF} = {9A47FC93-1800-4C5A-9BBE-28735A44B85D}
		{51FBD235-4FED-4D9B-8CB5-63E1408E5C81} = {9A47FC93-1800-4C5A-9BBE-28735A44B85D}
		{C8494132-C485-4C33-8B7A-578DA714B240} = {9A47FC93-1800-4C5A-9BBE-28735A44B85D}
		{A79BA968-4F08-46AA-93C9-3877E791AA10} = {DE736364-2FF7-4E76-9F3F-BCCA2DF7C67F}
		{9BAAAC7D-F2CE-4A61-B85A-D6B0F0082106} = {A79BA968-4F08-46AA-93C9-3877E791AA10}
		{1753E3D6-8531-48A6-A24F-E01523C64C0E} = {A79BA968-4F08-46AA-93C9-3877E791AA10}
		{C168D4AB-EF3E-43D0-AFF1-860B3DCFFD3A} = {A79BA968-4F08-46AA-93C9-3877E791AA10}
		{C2108498-F008-4C8A-918E-BADE66C55B48} = {A79BA968-4F08-46AA-93C9-3877E791AA10}
		{0D0DCB94-B73C-44B7-B2F3-A9D0CBA67399} = {DE736364-2FF7-4E76-9F3F-BCCA2DF7C67F}
		{5070256B-B2C4-4874-8B4E-9A64E5B0F2A2} = {C8A8EC3C-A0FA-475B-8A75-8EFBA4BEE016}
	EndGlobalSection
	GlobalSection(ExtensibilityGlobals) = postSolution
		SolutionGuid = {40B31C11-0E2F-4F50-8684-4C275C88FEB8}
	EndGlobalSection
EndGlobal
